
Microsoft Visual Studio Solution File, Format Version 12.00
# Visual Studio Version 16
VisualStudioVersion = 16.0.29215.179
MinimumVisualStudioVersion = 10.0.40219.1
Project("{2150E333-8FDC-42A3-9474-1A3956D46DE8}") = "Services", "Services", "{97D5C0D1-8873-41BB-8CB8-FCB44D3D2D3C}"
EndProject
Project("{2150E333-8FDC-42A3-9474-1A3956D46DE8}") = "CIP", "CIP", "{C50F01DC-3892-4D00-9344-4C5FAD7AFB0C}"
EndProject
Project("{2150E333-8FDC-42A3-9474-1A3956D46DE8}") = "ApiGateways", "ApiGateways", "{8C934A2C-AB70-498C-9ED1-296168E9EF69}"
EndProject
Project("{2150E333-8FDC-42A3-9474-1A3956D46DE8}") = "DT", "DT", "{99413596-C5A4-4756-9985-1D276D431831}"
EndProject
Project("{9A19103F-16F7-4668-BE54-9A1E7A4F7556}") = "CIP.API", "src\Services\CIP\CIP.API\CIP.API.csproj", "{7B47EB56-72B2-496F-9864-9475E8037520}"
EndProject
Project("{9A19103F-16F7-4668-BE54-9A1E7A4F7556}") = "DT.API", "src\Services\DT\DT.API\DT.API.csproj", "{AB18C489-015B-43C2-9619-652A3CF3FA9C}"
EndProject
Project("{E53339B2-1760-4266-BCC7-CA923CBCF16C}") = "docker-compose", "docker-compose.dcproj", "{47BE758F-F06C-4545-981C-593BCF212796}"
EndProject
Project("{9A19103F-16F7-4668-BE54-9A1E7A4F7556}") = "ApiGw", "src\ApiGateways\ApiGw\ApiGw.csproj", "{6420D17D-A65F-4670-A5C2-A66FD3F48961}"
EndProject
Project("{2150E333-8FDC-42A3-9474-1A3956D46DE8}") = "BuildingBlocks", "BuildingBlocks", "{FF7CC295-D41B-4A46-AE07-F8364D21A40D}"
EndProject
Project("{2150E333-8FDC-42A3-9474-1A3956D46DE8}") = "EventBus", "EventBus", "{FC9D0608-88CC-4CA8-860B-D4C7E26E85D5}"
EndProject
Project("{9A19103F-16F7-4668-BE54-9A1E7A4F7556}") = "EventBus", "src\BuildingBlocks\EventBus\EventBus\EventBus.csproj", "{D441B5B1-A829-4B58-8AB1-59CE4E110B13}"
EndProject
Project("{2150E333-8FDC-42A3-9474-1A3956D46DE8}") = "EventBusRabbitMQ", "EventBusRabbitMQ", "{A50C8E92-1054-40C0-8162-3BB72864C7AC}"
EndProject
Project("{9A19103F-16F7-4668-BE54-9A1E7A4F7556}") = "EventBusRabbitMQ", "src\BuildingBlocks\EventBus\EventBusRabbitMQ\EventBusRabbitMQ.csproj", "{778FC6D8-FB0B-4D36-AC77-DB07406F4284}"
EndProject
Global
	GlobalSection(SolutionConfigurationPlatforms) = preSolution
		Debug|Any CPU = Debug|Any CPU
		Release|Any CPU = Release|Any CPU
	EndGlobalSection
	GlobalSection(ProjectConfigurationPlatforms) = postSolution
		{7B47EB56-72B2-496F-9864-9475E8037520}.Debug|Any CPU.ActiveCfg = Debug|Any CPU
		{7B47EB56-72B2-496F-9864-9475E8037520}.Debug|Any CPU.Build.0 = Debug|Any CPU
		{7B47EB56-72B2-496F-9864-9475E8037520}.Release|Any CPU.ActiveCfg = Release|Any CPU
		{7B47EB56-72B2-496F-9864-9475E8037520}.Release|Any CPU.Build.0 = Release|Any CPU
		{AB18C489-015B-43C2-9619-652A3CF3FA9C}.Debug|Any CPU.ActiveCfg = Debug|Any CPU
		{AB18C489-015B-43C2-9619-652A3CF3FA9C}.Debug|Any CPU.Build.0 = Debug|Any CPU
		{AB18C489-015B-43C2-9619-652A3CF3FA9C}.Release|Any CPU.ActiveCfg = Release|Any CPU
		{AB18C489-015B-43C2-9619-652A3CF3FA9C}.Release|Any CPU.Build.0 = Release|Any CPU
		{47BE758F-F06C-4545-981C-593BCF212796}.Debug|Any CPU.ActiveCfg = Debug|Any CPU
		{47BE758F-F06C-4545-981C-593BCF212796}.Debug|Any CPU.Build.0 = Debug|Any CPU
		{47BE758F-F06C-4545-981C-593BCF212796}.Release|Any CPU.ActiveCfg = Release|Any CPU
		{47BE758F-F06C-4545-981C-593BCF212796}.Release|Any CPU.Build.0 = Release|Any CPU
		{6420D17D-A65F-4670-A5C2-A66FD3F48961}.Debug|Any CPU.ActiveCfg = Debug|Any CPU
		{6420D17D-A65F-4670-A5C2-A66FD3F48961}.Debug|Any CPU.Build.0 = Debug|Any CPU
		{6420D17D-A65F-4670-A5C2-A66FD3F48961}.Release|Any CPU.ActiveCfg = Release|Any CPU
		{6420D17D-A65F-4670-A5C2-A66FD3F48961}.Release|Any CPU.Build.0 = Release|Any CPU
		{D441B5B1-A829-4B58-8AB1-59CE4E110B13}.Debug|Any CPU.ActiveCfg = Debug|Any CPU
		{D441B5B1-A829-4B58-8AB1-59CE4E110B13}.Debug|Any CPU.Build.0 = Debug|Any CPU
		{D441B5B1-A829-4B58-8AB1-59CE4E110B13}.Release|Any CPU.ActiveCfg = Release|Any CPU
		{D441B5B1-A829-4B58-8AB1-59CE4E110B13}.Release|Any CPU.Build.0 = Release|Any CPU
		{778FC6D8-FB0B-4D36-AC77-DB07406F4284}.Debug|Any CPU.ActiveCfg = Debug|Any CPU
		{778FC6D8-FB0B-4D36-AC77-DB07406F4284}.Debug|Any CPU.Build.0 = Debug|Any CPU
		{778FC6D8-FB0B-4D36-AC77-DB07406F4284}.Release|Any CPU.ActiveCfg = Release|Any CPU
		{778FC6D8-FB0B-4D36-AC77-DB07406F4284}.Release|Any CPU.Build.0 = Release|Any CPU
	EndGlobalSection
	GlobalSection(SolutionProperties) = preSolution
		HideSolutionNode = FALSE
	EndGlobalSection
	GlobalSection(NestedProjects) = preSolution
		{C50F01DC-3892-4D00-9344-4C5FAD7AFB0C} = {97D5C0D1-8873-41BB-8CB8-FCB44D3D2D3C}
		{99413596-C5A4-4756-9985-1D276D431831} = {97D5C0D1-8873-41BB-8CB8-FCB44D3D2D3C}
		{7B47EB56-72B2-496F-9864-9475E8037520} = {C50F01DC-3892-4D00-9344-4C5FAD7AFB0C}
		{AB18C489-015B-43C2-9619-652A3CF3FA9C} = {99413596-C5A4-4756-9985-1D276D431831}
		{6420D17D-A65F-4670-A5C2-A66FD3F48961} = {8C934A2C-AB70-498C-9ED1-296168E9EF69}
		{FC9D0608-88CC-4CA8-860B-D4C7E26E85D5} = {FF7CC295-D41B-4A46-AE07-F8364D21A40D}
		{D441B5B1-A829-4B58-8AB1-59CE4E110B13} = {FC9D0608-88CC-4CA8-860B-D4C7E26E85D5}
		{A50C8E92-1054-40C0-8162-3BB72864C7AC} = {FF7CC295-D41B-4A46-AE07-F8364D21A40D}
		{778FC6D8-FB0B-4D36-AC77-DB07406F4284} = {A50C8E92-1054-40C0-8162-3BB72864C7AC}
	EndGlobalSection
	GlobalSection(ExtensibilityGlobals) = postSolution
		SolutionGuid = {2C0190BE-9C2C-4797-9FFC-BC2E0046E402}
	EndGlobalSection
EndGlobal
